
Microsoft Visual Studio Solution File, Format Version 12.00
# Visual Studio Version 17
VisualStudioVersion = 17.8.34322.80
MinimumVisualStudioVersion = 10.0.40219.1
Project("{9A19103F-16F7-4668-BE54-9A1E7A4F7556}") = "BulkyBookWeb", "BulkyWeb\BulkyBookWeb.csproj", "{B9181EA9-E6C8-4F8A-B02A-06A41ADA621D}"
EndProject
Project("{9A19103F-16F7-4668-BE54-9A1E7A4F7556}") = "BulkyBook.DataAccess", "Bulky.DataAccess\BulkyBook.DataAccess.csproj", "{85DE44EC-4D3F-4DA9-9128-A437C3BD5369}"
EndProject
Project("{9A19103F-16F7-4668-BE54-9A1E7A4F7556}") = "BulkyBook.Utility", "Bulky.Utility\BulkyBook.Utility.csproj", "{CE4C9FF6-D43F-4065-910A-6FA349448988}"
EndProject
Project("{FAE04EC0-301F-11D3-BF4B-00C04F79EFBC}") = "BulkyBook.Models", "Bulky.Models\BulkyBook.Models.csproj", "{20A4FEB3-1170-466D-8931-07CCBE24796D}"
EndProject
Global
	GlobalSection(SolutionConfigurationPlatforms) = preSolution
		Debug|Any CPU = Debug|Any CPU
		Release|Any CPU = Release|Any CPU
	EndGlobalSection
	GlobalSection(ProjectConfigurationPlatforms) = postSolution
		{B9181EA9-E6C8-4F8A-B02A-06A41ADA621D}.Debug|Any CPU.ActiveCfg = Debug|Any CPU
		{B9181EA9-E6C8-4F8A-B02A-06A41ADA621D}.Debug|Any CPU.Build.0 = Debug|Any CPU
		{B9181EA9-E6C8-4F8A-B02A-06A41ADA621D}.Release|Any CPU.ActiveCfg = Release|Any CPU
		{B9181EA9-E6C8-4F8A-B02A-06A41ADA621D}.Release|Any CPU.Build.0 = Release|Any CPU
		{85DE44EC-4D3F-4DA9-9128-A437C3BD5369}.Debug|Any CPU.ActiveCfg = Debug|Any CPU
		{85DE44EC-4D3F-4DA9-9128-A437C3BD5369}.Debug|Any CPU.Build.0 = Debug|Any CPU
		{85DE44EC-4D3F-4DA9-9128-A437C3BD5369}.Release|Any CPU.ActiveCfg = Release|Any CPU
		{85DE44EC-4D3F-4DA9-9128-A437C3BD5369}.Release|Any CPU.Build.0 = Release|Any CPU
		{CE4C9FF6-D43F-4065-910A-6FA349448988}.Debug|Any CPU.ActiveCfg = Debug|Any CPU
		{CE4C9FF6-D43F-4065-910A-6FA349448988}.Debug|Any CPU.Build.0 = Debug|Any CPU
		{CE4C9FF6-D43F-4065-910A-6FA349448988}.Release|Any CPU.ActiveCfg = Release|Any CPU
		{CE4C9FF6-D43F-4065-910A-6FA349448988}.Release|Any CPU.Build.0 = Release|Any CPU
		{20A4FEB3-1170-466D-8931-07CCBE24796D}.Debug|Any CPU.ActiveCfg = Debug|Any CPU
		{20A4FEB3-1170-466D-8931-07CCBE24796D}.Debug|Any CPU.Build.0 = Debug|Any CPU
		{20A4FEB3-1170-466D-8931-07CCBE24796D}.Release|Any CPU.ActiveCfg = Release|Any CPU
		{20A4FEB3-1170-466D-8931-07CCBE24796D}.Release|Any CPU.Build.0 = Release|Any CPU
	EndGlobalSection
	GlobalSection(SolutionProperties) = preSolution
		HideSolutionNode = FALSE
	EndGlobalSection
	GlobalSection(ExtensibilityGlobals) = postSolution
		SolutionGuid = {751012C1-E5E9-478A-86B0-5462746E3360}
	EndGlobalSection
EndGlobal
